
Microsoft Visual Studio Solution File, Format Version 12.00
# Visual Studio Version 16
VisualStudioVersion = 16.0.30225.117
MinimumVisualStudioVersion = 10.0.40219.1
Project("{FAE04EC0-301F-11D3-BF4B-00C04F79EFBC}") = "SodaMachineProject", "SodaMachineProject\SodaMachineProject.csproj", "{913FBDAB-B892-4FC4-8C1C-AAAAD9EB905E}"
EndProject
Global
	GlobalSection(SolutionConfigurationPlatforms) = preSolution
		Debug|Any CPU = Debug|Any CPU
		Release|Any CPU = Release|Any CPU
	EndGlobalSection
	GlobalSection(ProjectConfigurationPlatforms) = postSolution
		{913FBDAB-B892-4FC4-8C1C-AAAAD9EB905E}.Debug|Any CPU.ActiveCfg = Debug|Any CPU
		{913FBDAB-B892-4FC4-8C1C-AAAAD9EB905E}.Debug|Any CPU.Build.0 = Debug|Any CPU
		{913FBDAB-B892-4FC4-8C1C-AAAAD9EB905E}.Release|Any CPU.ActiveCfg = Release|Any CPU
		{913FBDAB-B892-4FC4-8C1C-AAAAD9EB905E}.Release|Any CPU.Build.0 = Release|Any CPU
	EndGlobalSection
	GlobalSection(SolutionProperties) = preSolution
		HideSolutionNode = FALSE
	EndGlobalSection
	GlobalSection(ExtensibilityGlobals) = postSolution
		SolutionGuid = {45DB0DA3-9580-4DF1-B4A1-4A5985776B8C}
	EndGlobalSection
EndGlobal
